
Microsoft Visual Studio Solution File, Format Version 12.00
# Visual Studio Version 16
VisualStudioVersion = 16.0.30517.126
MinimumVisualStudioVersion = 10.0.40219.1
Project("{9A19103F-16F7-4668-BE54-9A1E7A4F7556}") = "FluentArrange", "FluentArrange\FluentArrange.csproj", "{6F20BF40-A3A2-4AFB-8581-F5141FE8848D}"
EndProject
Project("{9A19103F-16F7-4668-BE54-9A1E7A4F7556}") = "FluentArrange.NSubstitute", "FluentArrange.NSubstitute\FluentArrange.NSubstitute.csproj", "{D517B6B2-3711-41D9-A770-D172676DA8FE}"
EndProject
Project("{FAE04EC0-301F-11D3-BF4B-00C04F79EFBC}") = "FluentArrange.NSubstitute.Tests", "FluentArrange.NSubstitute.Tests\FluentArrange.NSubstitute.Tests.csproj", "{0992C08A-DB10-4EF6-926A-051AF708E8F8}"
EndProject
Project("{FAE04EC0-301F-11D3-BF4B-00C04F79EFBC}") = "FluentArrange.Tests", "FluentArrange.Tests\FluentArrange.Tests.csproj", "{584B3837-FFEA-46EA-BE36-FDC99B69AC51}"
EndProject
Global
	GlobalSection(SolutionConfigurationPlatforms) = preSolution
		Debug|Any CPU = Debug|Any CPU
		Release|Any CPU = Release|Any CPU
	EndGlobalSection
	GlobalSection(ProjectConfigurationPlatforms) = postSolution
		{6F20BF40-A3A2-4AFB-8581-F5141FE8848D}.Debug|Any CPU.ActiveCfg = Debug|Any CPU
		{6F20BF40-A3A2-4AFB-8581-F5141FE8848D}.Debug|Any CPU.Build.0 = Debug|Any CPU
		{6F20BF40-A3A2-4AFB-8581-F5141FE8848D}.Release|Any CPU.ActiveCfg = Release|Any CPU
		{6F20BF40-A3A2-4AFB-8581-F5141FE8848D}.Release|Any CPU.Build.0 = Release|Any CPU
		{D517B6B2-3711-41D9-A770-D172676DA8FE}.Debug|Any CPU.ActiveCfg = Debug|Any CPU
		{D517B6B2-3711-41D9-A770-D172676DA8FE}.Debug|Any CPU.Build.0 = Debug|Any CPU
		{D517B6B2-3711-41D9-A770-D172676DA8FE}.Release|Any CPU.ActiveCfg = Release|Any CPU
		{D517B6B2-3711-41D9-A770-D172676DA8FE}.Release|Any CPU.Build.0 = Release|Any CPU
		{0992C08A-DB10-4EF6-926A-051AF708E8F8}.Debug|Any CPU.ActiveCfg = Debug|Any CPU
		{0992C08A-DB10-4EF6-926A-051AF708E8F8}.Debug|Any CPU.Build.0 = Debug|Any CPU
		{0992C08A-DB10-4EF6-926A-051AF708E8F8}.Release|Any CPU.ActiveCfg = Release|Any CPU
		{0992C08A-DB10-4EF6-926A-051AF708E8F8}.Release|Any CPU.Build.0 = Release|Any CPU
		{584B3837-FFEA-46EA-BE36-FDC99B69AC51}.Debug|Any CPU.ActiveCfg = Debug|Any CPU
		{584B3837-FFEA-46EA-BE36-FDC99B69AC51}.Debug|Any CPU.Build.0 = Debug|Any CPU
		{584B3837-FFEA-46EA-BE36-FDC99B69AC51}.Release|Any CPU.ActiveCfg = Release|Any CPU
		{584B3837-FFEA-46EA-BE36-FDC99B69AC51}.Release|Any CPU.Build.0 = Release|Any CPU
	EndGlobalSection
	GlobalSection(SolutionProperties) = preSolution
		HideSolutionNode = FALSE
	EndGlobalSection
	GlobalSection(ExtensibilityGlobals) = postSolution
		SolutionGuid = {AE899ECB-2221-4B30-B078-9945020A805E}
	EndGlobalSection
EndGlobal
